
Microsoft Visual Studio Solution File, Format Version 12.00
# Visual Studio Version 17
VisualStudioVersion = 17.5.33516.290
MinimumVisualStudioVersion = 10.0.40219.1
Project("{9A19103F-16F7-4668-BE54-9A1E7A4F7556}") = "GRazor", "GRazor.csproj", "{2AC1CDD9-E780-4EC2-A298-C7C39EFDF4C2}"
EndProject
Global
	GlobalSection(SolutionConfigurationPlatforms) = preSolution
		Debug|Any CPU = Debug|Any CPU
		Release|Any CPU = Release|Any CPU
	EndGlobalSection
	GlobalSection(ProjectConfigurationPlatforms) = postSolution
		{2AC1CDD9-E780-4EC2-A298-C7C39EFDF4C2}.Debug|Any CPU.ActiveCfg = Debug|Any CPU
		{2AC1CDD9-E780-4EC2-A298-C7C39EFDF4C2}.Debug|Any CPU.Build.0 = Debug|Any CPU
		{2AC1CDD9-E780-4EC2-A298-C7C39EFDF4C2}.Release|Any CPU.ActiveCfg = Release|Any CPU
		{2AC1CDD9-E780-4EC2-A298-C7C39EFDF4C2}.Release|Any CPU.Build.0 = Release|Any CPU
	EndGlobalSection
	GlobalSection(SolutionProperties) = preSolution
		HideSolutionNode = FALSE
	EndGlobalSection
	GlobalSection(ExtensibilityGlobals) = postSolution
		SolutionGuid = {6B135E3A-1A22-4C2F-BEF4-371E6D8C9A7A}
	EndGlobalSection
EndGlobal
